{
  "name": "ban-autocomplete",
  "version": "1.0.0",
  "lockfileVersion": 1,
  "requires": true,
  "dependencies": {
    "@tarekraafat/autocomplete.js": {
      "version": "10.2.1",
      "resolved": "https://registry.npmjs.org/@tarekraafat/autocomplete.js/-/autocomplete.js-10.2.1.tgz",
      "integrity": "sha512-p8UEE9aVL6b7kGu4pl4kBWjPTHwh49AkMY9SRtJnhx0eImmUji8aYA/Md6fTW56/PN5ZRQ1PyXPYytMiis4Nnw=="
    }
  }
}
